
Microsoft Visual Studio Solution File, Format Version 12.00
# Visual Studio Version 16
VisualStudioVersion = 16.0.30413.136
MinimumVisualStudioVersion = 10.0.40219.1
Project("{FAE04EC0-301F-11D3-BF4B-00C04F79EFBC}") = "Tech Project 3A", "Tech Project 3A.csproj", "{B42188E3-8E32-4053-9C84-6CF1DFE2F6CB}"
EndProject
Global
	GlobalSection(SolutionConfigurationPlatforms) = preSolution
		Debug|Any CPU = Debug|Any CPU
		Release|Any CPU = Release|Any CPU
	EndGlobalSection
	GlobalSection(ProjectConfigurationPlatforms) = postSolution
		{B42188E3-8E32-4053-9C84-6CF1DFE2F6CB}.Debug|Any CPU.ActiveCfg = Debug|Any CPU
		{B42188E3-8E32-4053-9C84-6CF1DFE2F6CB}.Debug|Any CPU.Build.0 = Debug|Any CPU
		{B42188E3-8E32-4053-9C84-6CF1DFE2F6CB}.Release|Any CPU.ActiveCfg = Release|Any CPU
		{B42188E3-8E32-4053-9C84-6CF1DFE2F6CB}.Release|Any CPU.Build.0 = Release|Any CPU
	EndGlobalSection
	GlobalSection(SolutionProperties) = preSolution
		HideSolutionNode = FALSE
	EndGlobalSection
	GlobalSection(ExtensibilityGlobals) = postSolution
		SolutionGuid = {E3C4D3BA-4B2D-4B0B-BAC5-0FB442BD5D6A}
	EndGlobalSection
EndGlobal
